
Microsoft Visual Studio Solution File, Format Version 12.00
# Visual Studio 15
VisualStudioVersion = 15.0.28307.329
MinimumVisualStudioVersion = 10.0.40219.1
Project("{FAE04EC0-301F-11D3-BF4B-00C04F79EFBC}") = "NET1.S.2019.Tsyvis.12", "NET1.S.2019.Tsyvis.12\NET1.S.2019.Tsyvis.12.csproj", "{47E8C15F-4C34-44AF-8C72-8EF3D7195AFF}"
EndProject
Project("{FAE04EC0-301F-11D3-BF4B-00C04F79EFBC}") = "NET1.S.2019.Tsyvis.12.Tests", "NET1.S.2019.Tsyvis.12.Tests\NET1.S.2019.Tsyvis.12.Tests.csproj", "{E38ECAF3-4C1F-42D5-A7EF-8958EE40BAAF}"
EndProject
Global
	GlobalSection(SolutionConfigurationPlatforms) = preSolution
		Debug|Any CPU = Debug|Any CPU
		Release|Any CPU = Release|Any CPU
	EndGlobalSection
	GlobalSection(ProjectConfigurationPlatforms) = postSolution
		{47E8C15F-4C34-44AF-8C72-8EF3D7195AFF}.Debug|Any CPU.ActiveCfg = Debug|Any CPU
		{47E8C15F-4C34-44AF-8C72-8EF3D7195AFF}.Debug|Any CPU.Build.0 = Debug|Any CPU
		{47E8C15F-4C34-44AF-8C72-8EF3D7195AFF}.Release|Any CPU.ActiveCfg = Release|Any CPU
		{47E8C15F-4C34-44AF-8C72-8EF3D7195AFF}.Release|Any CPU.Build.0 = Release|Any CPU
		{E38ECAF3-4C1F-42D5-A7EF-8958EE40BAAF}.Debug|Any CPU.ActiveCfg = Debug|Any CPU
		{E38ECAF3-4C1F-42D5-A7EF-8958EE40BAAF}.Debug|Any CPU.Build.0 = Debug|Any CPU
		{E38ECAF3-4C1F-42D5-A7EF-8958EE40BAAF}.Release|Any CPU.ActiveCfg = Release|Any CPU
		{E38ECAF3-4C1F-42D5-A7EF-8958EE40BAAF}.Release|Any CPU.Build.0 = Release|Any CPU
	EndGlobalSection
	GlobalSection(SolutionProperties) = preSolution
		HideSolutionNode = FALSE
	EndGlobalSection
	GlobalSection(ExtensibilityGlobals) = postSolution
		SolutionGuid = {C4B01E88-BD37-406C-96C9-F0C2C956AD79}
	EndGlobalSection
EndGlobal
