
Microsoft Visual Studio Solution File, Format Version 12.00
# Visual Studio 15
VisualStudioVersion = 15.0.28307.329
MinimumVisualStudioVersion = 10.0.40219.1
Project("{FAE04EC0-301F-11D3-BF4B-00C04F79EFBC}") = "GCD", "NET1.S.2019.Tsyvis.06\GCD.csproj", "{4960ACAC-CC8C-49B0-9297-3F161EA9EC28}"
EndProject
Project("{FAE04EC0-301F-11D3-BF4B-00C04F79EFBC}") = "GCD.Tests", "GCD.Tests\GCD.Tests.csproj", "{665B8117-2616-49A9-8D90-826C54553D1F}"
EndProject
Project("{FAE04EC0-301F-11D3-BF4B-00C04F79EFBC}") = "Calculator", "Calculator\Calculator.csproj", "{30D6100A-CDBC-45BF-8FE7-932D39D30DF3}"
EndProject
Global
	GlobalSection(SolutionConfigurationPlatforms) = preSolution
		Debug|Any CPU = Debug|Any CPU
		Release|Any CPU = Release|Any CPU
	EndGlobalSection
	GlobalSection(ProjectConfigurationPlatforms) = postSolution
		{4960ACAC-CC8C-49B0-9297-3F161EA9EC28}.Debug|Any CPU.ActiveCfg = Debug|Any CPU
		{4960ACAC-CC8C-49B0-9297-3F161EA9EC28}.Debug|Any CPU.Build.0 = Debug|Any CPU
		{4960ACAC-CC8C-49B0-9297-3F161EA9EC28}.Release|Any CPU.ActiveCfg = Release|Any CPU
		{4960ACAC-CC8C-49B0-9297-3F161EA9EC28}.Release|Any CPU.Build.0 = Release|Any CPU
		{665B8117-2616-49A9-8D90-826C54553D1F}.Debug|Any CPU.ActiveCfg = Debug|Any CPU
		{665B8117-2616-49A9-8D90-826C54553D1F}.Debug|Any CPU.Build.0 = Debug|Any CPU
		{665B8117-2616-49A9-8D90-826C54553D1F}.Release|Any CPU.ActiveCfg = Release|Any CPU
		{665B8117-2616-49A9-8D90-826C54553D1F}.Release|Any CPU.Build.0 = Release|Any CPU
		{30D6100A-CDBC-45BF-8FE7-932D39D30DF3}.Debug|Any CPU.ActiveCfg = Debug|Any CPU
		{30D6100A-CDBC-45BF-8FE7-932D39D30DF3}.Debug|Any CPU.Build.0 = Debug|Any CPU
		{30D6100A-CDBC-45BF-8FE7-932D39D30DF3}.Release|Any CPU.ActiveCfg = Release|Any CPU
		{30D6100A-CDBC-45BF-8FE7-932D39D30DF3}.Release|Any CPU.Build.0 = Release|Any CPU
	EndGlobalSection
	GlobalSection(SolutionProperties) = preSolution
		HideSolutionNode = FALSE
	EndGlobalSection
	GlobalSection(ExtensibilityGlobals) = postSolution
		SolutionGuid = {422C25A0-69AB-4309-8FF2-440B50C9A0DC}
	EndGlobalSection
EndGlobal
