
Microsoft Visual Studio Solution File, Format Version 12.00
# Visual Studio 15
VisualStudioVersion = 15.0.28307.329
MinimumVisualStudioVersion = 10.0.40219.1
Project("{FAE04EC0-301F-11D3-BF4B-00C04F79EFBC}") = "NET1.S.2019.Tsyvis.11", "NET1.S.2019.Tsyvis.11\NET1.S.2019.Tsyvis.11.csproj", "{96B1A87B-D101-4664-9E31-3A4571EA51BC}"
EndProject
Project("{FAE04EC0-301F-11D3-BF4B-00C04F79EFBC}") = "NET1.S.2019.Tsyvis.11.Tests", "NET1.S.2019.Tsyvis.11.Tests\NET1.S.2019.Tsyvis.11.Tests.csproj", "{22C235D9-5949-4509-802D-308E28A24865}"
EndProject
Global
	GlobalSection(SolutionConfigurationPlatforms) = preSolution
		Debug|Any CPU = Debug|Any CPU
		Release|Any CPU = Release|Any CPU
	EndGlobalSection
	GlobalSection(ProjectConfigurationPlatforms) = postSolution
		{96B1A87B-D101-4664-9E31-3A4571EA51BC}.Debug|Any CPU.ActiveCfg = Debug|Any CPU
		{96B1A87B-D101-4664-9E31-3A4571EA51BC}.Debug|Any CPU.Build.0 = Debug|Any CPU
		{96B1A87B-D101-4664-9E31-3A4571EA51BC}.Release|Any CPU.ActiveCfg = Release|Any CPU
		{96B1A87B-D101-4664-9E31-3A4571EA51BC}.Release|Any CPU.Build.0 = Release|Any CPU
		{22C235D9-5949-4509-802D-308E28A24865}.Debug|Any CPU.ActiveCfg = Debug|Any CPU
		{22C235D9-5949-4509-802D-308E28A24865}.Debug|Any CPU.Build.0 = Debug|Any CPU
		{22C235D9-5949-4509-802D-308E28A24865}.Release|Any CPU.ActiveCfg = Release|Any CPU
		{22C235D9-5949-4509-802D-308E28A24865}.Release|Any CPU.Build.0 = Release|Any CPU
	EndGlobalSection
	GlobalSection(SolutionProperties) = preSolution
		HideSolutionNode = FALSE
	EndGlobalSection
	GlobalSection(ExtensibilityGlobals) = postSolution
		SolutionGuid = {57ED19D2-7612-441C-AE9C-E02292660E68}
	EndGlobalSection
EndGlobal
