
Microsoft Visual Studio Solution File, Format Version 12.00
# Visual Studio Version 16
VisualStudioVersion = 16.0.28803.202
MinimumVisualStudioVersion = 10.0.40219.1
Project("{FAE04EC0-301F-11D3-BF4B-00C04F79EFBC}") = "WeatherStationWorkViaInterfaces", "WeatherStationWorkViaInterfaces.csproj", "{00E1F3E4-CFDC-4EDB-897A-C5B4F828E659}"
EndProject
Project("{FAE04EC0-301F-11D3-BF4B-00C04F79EFBC}") = "WeatherStationWorkViaInterfacesTest", "..\WeatherStationWorkViaInterfacesTest\WeatherStationWorkViaInterfacesTest.csproj", "{9C80BC55-9C08-4CB5-89D8-7A31E882A6FF}"
EndProject
Project("{FAE04EC0-301F-11D3-BF4B-00C04F79EFBC}") = "WeatherStationWorkViaEvents", "..\WeatherStationWorkViaEvents\WeatherStationWorkViaEvents.csproj", "{B0E57857-11BC-4994-BF5E-22771F4488C8}"
EndProject
Project("{FAE04EC0-301F-11D3-BF4B-00C04F79EFBC}") = "WeatherStationWorkViaEventsTest", "..\WeatherStationWorkViaEventsTest\WeatherStationWorkViaEventsTest.csproj", "{99EB000A-7C0A-41FC-A1CE-62DB9C2B0881}"
EndProject
Global
	GlobalSection(SolutionConfigurationPlatforms) = preSolution
		Debug|Any CPU = Debug|Any CPU
		Release|Any CPU = Release|Any CPU
	EndGlobalSection
	GlobalSection(ProjectConfigurationPlatforms) = postSolution
		{00E1F3E4-CFDC-4EDB-897A-C5B4F828E659}.Debug|Any CPU.ActiveCfg = Debug|Any CPU
		{00E1F3E4-CFDC-4EDB-897A-C5B4F828E659}.Debug|Any CPU.Build.0 = Debug|Any CPU
		{00E1F3E4-CFDC-4EDB-897A-C5B4F828E659}.Release|Any CPU.ActiveCfg = Release|Any CPU
		{00E1F3E4-CFDC-4EDB-897A-C5B4F828E659}.Release|Any CPU.Build.0 = Release|Any CPU
		{9C80BC55-9C08-4CB5-89D8-7A31E882A6FF}.Debug|Any CPU.ActiveCfg = Debug|Any CPU
		{9C80BC55-9C08-4CB5-89D8-7A31E882A6FF}.Debug|Any CPU.Build.0 = Debug|Any CPU
		{9C80BC55-9C08-4CB5-89D8-7A31E882A6FF}.Release|Any CPU.ActiveCfg = Release|Any CPU
		{9C80BC55-9C08-4CB5-89D8-7A31E882A6FF}.Release|Any CPU.Build.0 = Release|Any CPU
		{B0E57857-11BC-4994-BF5E-22771F4488C8}.Debug|Any CPU.ActiveCfg = Debug|Any CPU
		{B0E57857-11BC-4994-BF5E-22771F4488C8}.Debug|Any CPU.Build.0 = Debug|Any CPU
		{B0E57857-11BC-4994-BF5E-22771F4488C8}.Release|Any CPU.ActiveCfg = Release|Any CPU
		{B0E57857-11BC-4994-BF5E-22771F4488C8}.Release|Any CPU.Build.0 = Release|Any CPU
		{99EB000A-7C0A-41FC-A1CE-62DB9C2B0881}.Debug|Any CPU.ActiveCfg = Debug|Any CPU
		{99EB000A-7C0A-41FC-A1CE-62DB9C2B0881}.Debug|Any CPU.Build.0 = Debug|Any CPU
		{99EB000A-7C0A-41FC-A1CE-62DB9C2B0881}.Release|Any CPU.ActiveCfg = Release|Any CPU
		{99EB000A-7C0A-41FC-A1CE-62DB9C2B0881}.Release|Any CPU.Build.0 = Release|Any CPU
	EndGlobalSection
	GlobalSection(SolutionProperties) = preSolution
		HideSolutionNode = FALSE
	EndGlobalSection
	GlobalSection(ExtensibilityGlobals) = postSolution
		SolutionGuid = {A050284B-D107-45F1-B9CB-9D71406AAF56}
	EndGlobalSection
EndGlobal
