
Microsoft Visual Studio Solution File, Format Version 12.00
# Visual Studio 15
VisualStudioVersion = 15.0.28307.329
MinimumVisualStudioVersion = 10.0.40219.1
Project("{FAE04EC0-301F-11D3-BF4B-00C04F79EFBC}") = "NET1.S.2019.Tsyvis.08.Tests", "NET1.S.2019.Tsyvis.08.Tests\NET1.S.2019.Tsyvis.08.Tests.csproj", "{7F755F97-B704-4380-99B8-8460D8734BD4}"
EndProject
Project("{FAE04EC0-301F-11D3-BF4B-00C04F79EFBC}") = "GcdCalculationDecorator", "GcdCalculationDecorator\GcdCalculationDecorator.csproj", "{B2C88BC6-1BF0-4C89-B40D-51105E220464}"
EndProject
Project("{FAE04EC0-301F-11D3-BF4B-00C04F79EFBC}") = "NET1.S.2019.Tsyvis.08", "NET1.S.2019.Tsyvis.08\NET1.S.2019.Tsyvis.08.csproj", "{DCE3FD11-5AC7-48CE-932B-A67D10115425}"
EndProject
Global
	GlobalSection(SolutionConfigurationPlatforms) = preSolution
		Debug|Any CPU = Debug|Any CPU
		Release|Any CPU = Release|Any CPU
	EndGlobalSection
	GlobalSection(ProjectConfigurationPlatforms) = postSolution
		{7F755F97-B704-4380-99B8-8460D8734BD4}.Debug|Any CPU.ActiveCfg = Debug|Any CPU
		{7F755F97-B704-4380-99B8-8460D8734BD4}.Debug|Any CPU.Build.0 = Debug|Any CPU
		{7F755F97-B704-4380-99B8-8460D8734BD4}.Release|Any CPU.ActiveCfg = Release|Any CPU
		{7F755F97-B704-4380-99B8-8460D8734BD4}.Release|Any CPU.Build.0 = Release|Any CPU
		{B2C88BC6-1BF0-4C89-B40D-51105E220464}.Debug|Any CPU.ActiveCfg = Debug|Any CPU
		{B2C88BC6-1BF0-4C89-B40D-51105E220464}.Debug|Any CPU.Build.0 = Debug|Any CPU
		{B2C88BC6-1BF0-4C89-B40D-51105E220464}.Release|Any CPU.ActiveCfg = Release|Any CPU
		{B2C88BC6-1BF0-4C89-B40D-51105E220464}.Release|Any CPU.Build.0 = Release|Any CPU
		{DCE3FD11-5AC7-48CE-932B-A67D10115425}.Debug|Any CPU.ActiveCfg = Debug|Any CPU
		{DCE3FD11-5AC7-48CE-932B-A67D10115425}.Debug|Any CPU.Build.0 = Debug|Any CPU
		{DCE3FD11-5AC7-48CE-932B-A67D10115425}.Release|Any CPU.ActiveCfg = Release|Any CPU
		{DCE3FD11-5AC7-48CE-932B-A67D10115425}.Release|Any CPU.Build.0 = Release|Any CPU
	EndGlobalSection
	GlobalSection(SolutionProperties) = preSolution
		HideSolutionNode = FALSE
	EndGlobalSection
	GlobalSection(ExtensibilityGlobals) = postSolution
		SolutionGuid = {FF43C4A5-105B-4264-96DA-C15C19E5E950}
	EndGlobalSection
EndGlobal
